
Microsoft Visual Studio Solution File, Format Version 12.00
# Visual Studio Version 17
VisualStudioVersion = 17.2.32616.157
MinimumVisualStudioVersion = 10.0.40219.1
Project("{FAE04EC0-301F-11D3-BF4B-00C04F79EFBC}") = "ApacheKafkaProducerDemo", "ApacheKafkaProducerDemo.csproj", "{8D1EF2CF-E60A-40E7-84B0-F2A9A71836A6}"
EndProject
Global
	GlobalSection(SolutionConfigurationPlatforms) = preSolution
		Debug|Any CPU = Debug|Any CPU
		Release|Any CPU = Release|Any CPU
	EndGlobalSection
	GlobalSection(ProjectConfigurationPlatforms) = postSolution
		{8D1EF2CF-E60A-40E7-84B0-F2A9A71836A6}.Debug|Any CPU.ActiveCfg = Debug|Any CPU
		{8D1EF2CF-E60A-40E7-84B0-F2A9A71836A6}.Debug|Any CPU.Build.0 = Debug|Any CPU
		{8D1EF2CF-E60A-40E7-84B0-F2A9A71836A6}.Release|Any CPU.ActiveCfg = Release|Any CPU
		{8D1EF2CF-E60A-40E7-84B0-F2A9A71836A6}.Release|Any CPU.Build.0 = Release|Any CPU
	EndGlobalSection
	GlobalSection(SolutionProperties) = preSolution
		HideSolutionNode = FALSE
	EndGlobalSection
	GlobalSection(ExtensibilityGlobals) = postSolution
		SolutionGuid = {547F45E7-9CE2-4E00-806D-BF55B4955DF1}
	EndGlobalSection
EndGlobal
